
Microsoft Visual Studio Solution File, Format Version 12.00
# Visual Studio Version 17
VisualStudioVersion = 17.3.32804.467
MinimumVisualStudioVersion = 10.0.40219.1
Project("{9A19103F-16F7-4668-BE54-9A1E7A4F7556}") = "AdvancedFeaturesPresentation", "AdvancedFeaturesPresentation.csproj", "{B790B09E-8CE9-4978-BCC2-5F107CBDD0F8}"
EndProject
Project("{9A19103F-16F7-4668-BE54-9A1E7A4F7556}") = "AdvancedFeaturesSubclasses", "..\AdvancedFeaturesSubclasses\AdvancedFeaturesSubclasses.csproj", "{E49BFDC5-2E7D-4F3D-BBDE-11A8678E6062}"
EndProject
Project("{9A19103F-16F7-4668-BE54-9A1E7A4F7556}") = "AdvancedFeaturesEx1", "..\AdvancedFeaturesEx1\AdvancedFeaturesEx1.csproj", "{35EDBA7C-1BB5-40A9-8BC9-DE576DD5B443}"
EndProject
Project("{FAE04EC0-301F-11D3-BF4B-00C04F79EFBC}") = "AdvancedFeatures.Interface", "..\AdvancedFeatures.Interface\AdvancedFeatures.Interface.csproj", "{872CBEDF-98F7-402E-8C39-806D45121CB7}"
EndProject
Project("{FAE04EC0-301F-11D3-BF4B-00C04F79EFBC}") = "AdvancedFeatures.Exceptions", "..\AdvancedFeatures.Exceptions\AdvancedFeatures.Exceptions.csproj", "{266A8055-7BCE-4DC1-9CBC-52F89DFD13E1}"
EndProject
Global
	GlobalSection(SolutionConfigurationPlatforms) = preSolution
		Debug|Any CPU = Debug|Any CPU
		Release|Any CPU = Release|Any CPU
	EndGlobalSection
	GlobalSection(ProjectConfigurationPlatforms) = postSolution
		{B790B09E-8CE9-4978-BCC2-5F107CBDD0F8}.Debug|Any CPU.ActiveCfg = Debug|Any CPU
		{B790B09E-8CE9-4978-BCC2-5F107CBDD0F8}.Debug|Any CPU.Build.0 = Debug|Any CPU
		{B790B09E-8CE9-4978-BCC2-5F107CBDD0F8}.Release|Any CPU.ActiveCfg = Release|Any CPU
		{B790B09E-8CE9-4978-BCC2-5F107CBDD0F8}.Release|Any CPU.Build.0 = Release|Any CPU
		{E49BFDC5-2E7D-4F3D-BBDE-11A8678E6062}.Debug|Any CPU.ActiveCfg = Debug|Any CPU
		{E49BFDC5-2E7D-4F3D-BBDE-11A8678E6062}.Debug|Any CPU.Build.0 = Debug|Any CPU
		{E49BFDC5-2E7D-4F3D-BBDE-11A8678E6062}.Release|Any CPU.ActiveCfg = Release|Any CPU
		{E49BFDC5-2E7D-4F3D-BBDE-11A8678E6062}.Release|Any CPU.Build.0 = Release|Any CPU
		{35EDBA7C-1BB5-40A9-8BC9-DE576DD5B443}.Debug|Any CPU.ActiveCfg = Debug|Any CPU
		{35EDBA7C-1BB5-40A9-8BC9-DE576DD5B443}.Debug|Any CPU.Build.0 = Debug|Any CPU
		{35EDBA7C-1BB5-40A9-8BC9-DE576DD5B443}.Release|Any CPU.ActiveCfg = Release|Any CPU
		{35EDBA7C-1BB5-40A9-8BC9-DE576DD5B443}.Release|Any CPU.Build.0 = Release|Any CPU
		{872CBEDF-98F7-402E-8C39-806D45121CB7}.Debug|Any CPU.ActiveCfg = Debug|Any CPU
		{872CBEDF-98F7-402E-8C39-806D45121CB7}.Debug|Any CPU.Build.0 = Debug|Any CPU
		{872CBEDF-98F7-402E-8C39-806D45121CB7}.Release|Any CPU.ActiveCfg = Release|Any CPU
		{872CBEDF-98F7-402E-8C39-806D45121CB7}.Release|Any CPU.Build.0 = Release|Any CPU
		{266A8055-7BCE-4DC1-9CBC-52F89DFD13E1}.Debug|Any CPU.ActiveCfg = Debug|Any CPU
		{266A8055-7BCE-4DC1-9CBC-52F89DFD13E1}.Debug|Any CPU.Build.0 = Debug|Any CPU
		{266A8055-7BCE-4DC1-9CBC-52F89DFD13E1}.Release|Any CPU.ActiveCfg = Release|Any CPU
		{266A8055-7BCE-4DC1-9CBC-52F89DFD13E1}.Release|Any CPU.Build.0 = Release|Any CPU
	EndGlobalSection
	GlobalSection(SolutionProperties) = preSolution
		HideSolutionNode = FALSE
	EndGlobalSection
	GlobalSection(ExtensibilityGlobals) = postSolution
		SolutionGuid = {05505B0A-4475-4853-AA8E-E4E1D79C25AF}
	EndGlobalSection
EndGlobal
