
Microsoft Visual Studio Solution File, Format Version 12.00
# Visual Studio Version 17
VisualStudioVersion = 17.3.32804.467
MinimumVisualStudioVersion = 10.0.40219.1
Project("{9A19103F-16F7-4668-BE54-9A1E7A4F7556}") = "AdvancedFeaturesPresentation", "AdvancedFeaturesPresentation.csproj", "{B790B09E-8CE9-4978-BCC2-5F107CBDD0F8}"
EndProject
Project("{9A19103F-16F7-4668-BE54-9A1E7A4F7556}") = "AdvancedFeaturesSubclasses", "..\AdvancedFeaturesSubclasses\AdvancedFeaturesSubclasses.csproj", "{E49BFDC5-2E7D-4F3D-BBDE-11A8678E6062}"
EndProject
Project("{9A19103F-16F7-4668-BE54-9A1E7A4F7556}") = "AdvancedFeaturesEx1", "..\AdvancedFeaturesEx1\AdvancedFeaturesEx1.csproj", "{35EDBA7C-1BB5-40A9-8BC9-DE576DD5B443}"
EndProject
Project("{9A19103F-16F7-4668-BE54-9A1E7A4F7556}") = "AdvancedFeatures.Interface", "..\AdvancedFeatures.Interface\AdvancedFeatures.Interface.csproj", "{872CBEDF-98F7-402E-8C39-806D45121CB7}"
EndProject
Project("{9A19103F-16F7-4668-BE54-9A1E7A4F7556}") = "AdvancedFeatures.Exceptions", "..\AdvancedFeatures.Exceptions\AdvancedFeatures.Exceptions.csproj", "{266A8055-7BCE-4DC1-9CBC-52F89DFD13E1}"
EndProject
Project("{9A19103F-16F7-4668-BE54-9A1E7A4F7556}") = "AdvancedFeatures.Polymorphism", "..\AdvancedFeatures.Polymorphism\AdvancedFeatures.Polymorphism.csproj", "{9E5C2467-8BF3-4FD6-A979-57F7A97873DF}"
EndProject
Project("{9A19103F-16F7-4668-BE54-9A1E7A4F7556}") = "EngineExercise", "..\EngineExercise\EngineExercise.csproj", "{F05FE21E-7529-4E6F-BFCF-23EDDE4C5FED}"
EndProject
Project("{9A19103F-16F7-4668-BE54-9A1E7A4F7556}") = "ShowRoomExercise(HW)", "..\ShowRoomExercise(HW)\ShowRoomExercise(HW).csproj", "{ADC961E8-B80A-4EBC-B8E5-F540FF13B8E0}"
EndProject
Project("{9A19103F-16F7-4668-BE54-9A1E7A4F7556}") = "PhotoAlbum", "..\PhotoAlbum\PhotoAlbum.csproj", "{EE0E26B3-8FA4-4999-8822-B6342768AC8A}"
EndProject
Project("{9A19103F-16F7-4668-BE54-9A1E7A4F7556}") = "StudentsExercise", "..\StudentsExercise\StudentsExercise.csproj", "{4BF9C131-14BB-422C-995F-AD96E708B6A4}"
EndProject
Project("{9A19103F-16F7-4668-BE54-9A1E7A4F7556}") = "AdvancedFeatures.AsynchronusExample", "..\AdvancedFeatures.AsynchronusExample\AdvancedFeatures.AsynchronusExample.csproj", "{2670A115-8395-42D0-A126-DFF640F57B46}"
EndProject
Project("{9A19103F-16F7-4668-BE54-9A1E7A4F7556}") = "Advan.Feat.Exerc.Task4", "..\Advan.Feat.Exerc.Task4\Advan.Feat.Exerc.Task4.csproj", "{72BCA82E-0DEA-4146-96C3-5BFB1E1854BD}"
EndProject
Project("{FAE04EC0-301F-11D3-BF4B-00C04F79EFBC}") = "Advan.Feat.Exerc.Task5", "..\Advan.Feat.Exerc.Task5\Advan.Feat.Exerc.Task5.csproj", "{72D4400B-5288-4CB3-AF7F-3554C28265EF}"
EndProject
Global
	GlobalSection(SolutionConfigurationPlatforms) = preSolution
		Debug|Any CPU = Debug|Any CPU
		Release|Any CPU = Release|Any CPU
	EndGlobalSection
	GlobalSection(ProjectConfigurationPlatforms) = postSolution
		{B790B09E-8CE9-4978-BCC2-5F107CBDD0F8}.Debug|Any CPU.ActiveCfg = Debug|Any CPU
		{B790B09E-8CE9-4978-BCC2-5F107CBDD0F8}.Debug|Any CPU.Build.0 = Debug|Any CPU
		{B790B09E-8CE9-4978-BCC2-5F107CBDD0F8}.Release|Any CPU.ActiveCfg = Release|Any CPU
		{B790B09E-8CE9-4978-BCC2-5F107CBDD0F8}.Release|Any CPU.Build.0 = Release|Any CPU
		{E49BFDC5-2E7D-4F3D-BBDE-11A8678E6062}.Debug|Any CPU.ActiveCfg = Debug|Any CPU
		{E49BFDC5-2E7D-4F3D-BBDE-11A8678E6062}.Debug|Any CPU.Build.0 = Debug|Any CPU
		{E49BFDC5-2E7D-4F3D-BBDE-11A8678E6062}.Release|Any CPU.ActiveCfg = Release|Any CPU
		{E49BFDC5-2E7D-4F3D-BBDE-11A8678E6062}.Release|Any CPU.Build.0 = Release|Any CPU
		{35EDBA7C-1BB5-40A9-8BC9-DE576DD5B443}.Debug|Any CPU.ActiveCfg = Debug|Any CPU
		{35EDBA7C-1BB5-40A9-8BC9-DE576DD5B443}.Debug|Any CPU.Build.0 = Debug|Any CPU
		{35EDBA7C-1BB5-40A9-8BC9-DE576DD5B443}.Release|Any CPU.ActiveCfg = Release|Any CPU
		{35EDBA7C-1BB5-40A9-8BC9-DE576DD5B443}.Release|Any CPU.Build.0 = Release|Any CPU
		{872CBEDF-98F7-402E-8C39-806D45121CB7}.Debug|Any CPU.ActiveCfg = Debug|Any CPU
		{872CBEDF-98F7-402E-8C39-806D45121CB7}.Debug|Any CPU.Build.0 = Debug|Any CPU
		{872CBEDF-98F7-402E-8C39-806D45121CB7}.Release|Any CPU.ActiveCfg = Release|Any CPU
		{872CBEDF-98F7-402E-8C39-806D45121CB7}.Release|Any CPU.Build.0 = Release|Any CPU
		{266A8055-7BCE-4DC1-9CBC-52F89DFD13E1}.Debug|Any CPU.ActiveCfg = Debug|Any CPU
		{266A8055-7BCE-4DC1-9CBC-52F89DFD13E1}.Debug|Any CPU.Build.0 = Debug|Any CPU
		{266A8055-7BCE-4DC1-9CBC-52F89DFD13E1}.Release|Any CPU.ActiveCfg = Release|Any CPU
		{266A8055-7BCE-4DC1-9CBC-52F89DFD13E1}.Release|Any CPU.Build.0 = Release|Any CPU
		{9E5C2467-8BF3-4FD6-A979-57F7A97873DF}.Debug|Any CPU.ActiveCfg = Debug|Any CPU
		{9E5C2467-8BF3-4FD6-A979-57F7A97873DF}.Debug|Any CPU.Build.0 = Debug|Any CPU
		{9E5C2467-8BF3-4FD6-A979-57F7A97873DF}.Release|Any CPU.ActiveCfg = Release|Any CPU
		{9E5C2467-8BF3-4FD6-A979-57F7A97873DF}.Release|Any CPU.Build.0 = Release|Any CPU
		{F05FE21E-7529-4E6F-BFCF-23EDDE4C5FED}.Debug|Any CPU.ActiveCfg = Debug|Any CPU
		{F05FE21E-7529-4E6F-BFCF-23EDDE4C5FED}.Debug|Any CPU.Build.0 = Debug|Any CPU
		{F05FE21E-7529-4E6F-BFCF-23EDDE4C5FED}.Release|Any CPU.ActiveCfg = Release|Any CPU
		{F05FE21E-7529-4E6F-BFCF-23EDDE4C5FED}.Release|Any CPU.Build.0 = Release|Any CPU
		{ADC961E8-B80A-4EBC-B8E5-F540FF13B8E0}.Debug|Any CPU.ActiveCfg = Debug|Any CPU
		{ADC961E8-B80A-4EBC-B8E5-F540FF13B8E0}.Debug|Any CPU.Build.0 = Debug|Any CPU
		{ADC961E8-B80A-4EBC-B8E5-F540FF13B8E0}.Release|Any CPU.ActiveCfg = Release|Any CPU
		{ADC961E8-B80A-4EBC-B8E5-F540FF13B8E0}.Release|Any CPU.Build.0 = Release|Any CPU
		{EE0E26B3-8FA4-4999-8822-B6342768AC8A}.Debug|Any CPU.ActiveCfg = Debug|Any CPU
		{EE0E26B3-8FA4-4999-8822-B6342768AC8A}.Debug|Any CPU.Build.0 = Debug|Any CPU
		{EE0E26B3-8FA4-4999-8822-B6342768AC8A}.Release|Any CPU.ActiveCfg = Release|Any CPU
		{EE0E26B3-8FA4-4999-8822-B6342768AC8A}.Release|Any CPU.Build.0 = Release|Any CPU
		{4BF9C131-14BB-422C-995F-AD96E708B6A4}.Debug|Any CPU.ActiveCfg = Debug|Any CPU
		{4BF9C131-14BB-422C-995F-AD96E708B6A4}.Debug|Any CPU.Build.0 = Debug|Any CPU
		{4BF9C131-14BB-422C-995F-AD96E708B6A4}.Release|Any CPU.ActiveCfg = Release|Any CPU
		{4BF9C131-14BB-422C-995F-AD96E708B6A4}.Release|Any CPU.Build.0 = Release|Any CPU
		{2670A115-8395-42D0-A126-DFF640F57B46}.Debug|Any CPU.ActiveCfg = Debug|Any CPU
		{2670A115-8395-42D0-A126-DFF640F57B46}.Debug|Any CPU.Build.0 = Debug|Any CPU
		{2670A115-8395-42D0-A126-DFF640F57B46}.Release|Any CPU.ActiveCfg = Release|Any CPU
		{2670A115-8395-42D0-A126-DFF640F57B46}.Release|Any CPU.Build.0 = Release|Any CPU
		{72BCA82E-0DEA-4146-96C3-5BFB1E1854BD}.Debug|Any CPU.ActiveCfg = Debug|Any CPU
		{72BCA82E-0DEA-4146-96C3-5BFB1E1854BD}.Debug|Any CPU.Build.0 = Debug|Any CPU
		{72BCA82E-0DEA-4146-96C3-5BFB1E1854BD}.Release|Any CPU.ActiveCfg = Release|Any CPU
		{72BCA82E-0DEA-4146-96C3-5BFB1E1854BD}.Release|Any CPU.Build.0 = Release|Any CPU
		{72D4400B-5288-4CB3-AF7F-3554C28265EF}.Debug|Any CPU.ActiveCfg = Debug|Any CPU
		{72D4400B-5288-4CB3-AF7F-3554C28265EF}.Debug|Any CPU.Build.0 = Debug|Any CPU
		{72D4400B-5288-4CB3-AF7F-3554C28265EF}.Release|Any CPU.ActiveCfg = Release|Any CPU
		{72D4400B-5288-4CB3-AF7F-3554C28265EF}.Release|Any CPU.Build.0 = Release|Any CPU
	EndGlobalSection
	GlobalSection(SolutionProperties) = preSolution
		HideSolutionNode = FALSE
	EndGlobalSection
	GlobalSection(ExtensibilityGlobals) = postSolution
		SolutionGuid = {05505B0A-4475-4853-AA8E-E4E1D79C25AF}
	EndGlobalSection
EndGlobal
